
Microsoft Visual Studio Solution File, Format Version 12.00
# Visual Studio Version 17
VisualStudioVersion = 17.9.34622.214
MinimumVisualStudioVersion = 10.0.40219.1
Project("{FAE04EC0-301F-11D3-BF4B-00C04F79EFBC}") = "CalculatorComplexNumberLib", "CalculatorComplexNumberLib.csproj", "{F6B7A68C-5FAF-49D0-86AB-A87E5663E36D}"
EndProject
Global
	GlobalSection(SolutionConfigurationPlatforms) = preSolution
		Debug|Any CPU = Debug|Any CPU
		Release|Any CPU = Release|Any CPU
	EndGlobalSection
	GlobalSection(ProjectConfigurationPlatforms) = postSolution
		{F6B7A68C-5FAF-49D0-86AB-A87E5663E36D}.Debug|Any CPU.ActiveCfg = Debug|Any CPU
		{F6B7A68C-5FAF-49D0-86AB-A87E5663E36D}.Debug|Any CPU.Build.0 = Debug|Any CPU
		{F6B7A68C-5FAF-49D0-86AB-A87E5663E36D}.Release|Any CPU.ActiveCfg = Release|Any CPU
		{F6B7A68C-5FAF-49D0-86AB-A87E5663E36D}.Release|Any CPU.Build.0 = Release|Any CPU
	EndGlobalSection
	GlobalSection(SolutionProperties) = preSolution
		HideSolutionNode = FALSE
	EndGlobalSection
	GlobalSection(ExtensibilityGlobals) = postSolution
		SolutionGuid = {E01F7887-45B7-4523-AAAD-A86E73BE1E33}
	EndGlobalSection
EndGlobal
